
Microsoft Visual Studio Solution File, Format Version 12.00
# Visual Studio Version 17
VisualStudioVersion = 17.0.31903.59
MinimumVisualStudioVersion = 10.0.40219.1
Project("{FAE04EC0-301F-11D3-BF4B-00C04F79EFBC}") = "BusinessObjects", "BusinessObjects\BusinessObjects.csproj", "{C819BC1A-2414-48C2-AEC0-90958E08DD36}"
EndProject
Project("{FAE04EC0-301F-11D3-BF4B-00C04F79EFBC}") = "DataAccessObjects", "DataAccessObjects\DataAccessObjects.csproj", "{E4D568C2-B791-436D-AD42-778FAC841355}"
EndProject
Project("{FAE04EC0-301F-11D3-BF4B-00C04F79EFBC}") = "Repositories", "Repositories\Repositories.csproj", "{6E462E65-4C24-4E6E-AEE3-0C8B48F18EDD}"
EndProject
Project("{FAE04EC0-301F-11D3-BF4B-00C04F79EFBC}") = "Services", "Services\Services.csproj", "{CD2B1C19-F9BC-42CF-B635-236223772644}"
EndProject
Project("{FAE04EC0-301F-11D3-BF4B-00C04F79EFBC}") = "MONKEY5_API", "MONKEY5_API\MONKEY5_API.csproj", "{8013385C-FE2C-41D9-A944-07D8119EDF7B}"
EndProject
Global
	GlobalSection(SolutionConfigurationPlatforms) = preSolution
		Debug|Any CPU = Debug|Any CPU
		Debug|x64 = Debug|x64
		Debug|x86 = Debug|x86
		Release|Any CPU = Release|Any CPU
		Release|x64 = Release|x64
		Release|x86 = Release|x86
	EndGlobalSection
	GlobalSection(ProjectConfigurationPlatforms) = postSolution
		{C819BC1A-2414-48C2-AEC0-90958E08DD36}.Debug|Any CPU.ActiveCfg = Debug|Any CPU
		{C819BC1A-2414-48C2-AEC0-90958E08DD36}.Debug|Any CPU.Build.0 = Debug|Any CPU
		{C819BC1A-2414-48C2-AEC0-90958E08DD36}.Debug|x64.ActiveCfg = Debug|Any CPU
		{C819BC1A-2414-48C2-AEC0-90958E08DD36}.Debug|x64.Build.0 = Debug|Any CPU
		{C819BC1A-2414-48C2-AEC0-90958E08DD36}.Debug|x86.ActiveCfg = Debug|Any CPU
		{C819BC1A-2414-48C2-AEC0-90958E08DD36}.Debug|x86.Build.0 = Debug|Any CPU
		{C819BC1A-2414-48C2-AEC0-90958E08DD36}.Release|Any CPU.ActiveCfg = Release|Any CPU
		{C819BC1A-2414-48C2-AEC0-90958E08DD36}.Release|Any CPU.Build.0 = Release|Any CPU
		{C819BC1A-2414-48C2-AEC0-90958E08DD36}.Release|x64.ActiveCfg = Release|Any CPU
		{C819BC1A-2414-48C2-AEC0-90958E08DD36}.Release|x64.Build.0 = Release|Any CPU
		{C819BC1A-2414-48C2-AEC0-90958E08DD36}.Release|x86.ActiveCfg = Release|Any CPU
		{C819BC1A-2414-48C2-AEC0-90958E08DD36}.Release|x86.Build.0 = Release|Any CPU
		{E4D568C2-B791-436D-AD42-778FAC841355}.Debug|Any CPU.ActiveCfg = Debug|Any CPU
		{E4D568C2-B791-436D-AD42-778FAC841355}.Debug|Any CPU.Build.0 = Debug|Any CPU
		{E4D568C2-B791-436D-AD42-778FAC841355}.Debug|x64.ActiveCfg = Debug|Any CPU
		{E4D568C2-B791-436D-AD42-778FAC841355}.Debug|x64.Build.0 = Debug|Any CPU
		{E4D568C2-B791-436D-AD42-778FAC841355}.Debug|x86.ActiveCfg = Debug|Any CPU
		{E4D568C2-B791-436D-AD42-778FAC841355}.Debug|x86.Build.0 = Debug|Any CPU
		{E4D568C2-B791-436D-AD42-778FAC841355}.Release|Any CPU.ActiveCfg = Release|Any CPU
		{E4D568C2-B791-436D-AD42-778FAC841355}.Release|Any CPU.Build.0 = Release|Any CPU
		{E4D568C2-B791-436D-AD42-778FAC841355}.Release|x64.ActiveCfg = Release|Any CPU
		{E4D568C2-B791-436D-AD42-778FAC841355}.Release|x64.Build.0 = Release|Any CPU
		{E4D568C2-B791-436D-AD42-778FAC841355}.Release|x86.ActiveCfg = Release|Any CPU
		{E4D568C2-B791-436D-AD42-778FAC841355}.Release|x86.Build.0 = Release|Any CPU
		{6E462E65-4C24-4E6E-AEE3-0C8B48F18EDD}.Debug|Any CPU.ActiveCfg = Debug|Any CPU
		{6E462E65-4C24-4E6E-AEE3-0C8B48F18EDD}.Debug|Any CPU.Build.0 = Debug|Any CPU
		{6E462E65-4C24-4E6E-AEE3-0C8B48F18EDD}.Debug|x64.ActiveCfg = Debug|Any CPU
		{6E462E65-4C24-4E6E-AEE3-0C8B48F18EDD}.Debug|x64.Build.0 = Debug|Any CPU
		{6E462E65-4C24-4E6E-AEE3-0C8B48F18EDD}.Debug|x86.ActiveCfg = Debug|Any CPU
		{6E462E65-4C24-4E6E-AEE3-0C8B48F18EDD}.Debug|x86.Build.0 = Debug|Any CPU
		{6E462E65-4C24-4E6E-AEE3-0C8B48F18EDD}.Release|Any CPU.ActiveCfg = Release|Any CPU
		{6E462E65-4C24-4E6E-AEE3-0C8B48F18EDD}.Release|Any CPU.Build.0 = Release|Any CPU
		{6E462E65-4C24-4E6E-AEE3-0C8B48F18EDD}.Release|x64.ActiveCfg = Release|Any CPU
		{6E462E65-4C24-4E6E-AEE3-0C8B48F18EDD}.Release|x64.Build.0 = Release|Any CPU
		{6E462E65-4C24-4E6E-AEE3-0C8B48F18EDD}.Release|x86.ActiveCfg = Release|Any CPU
		{6E462E65-4C24-4E6E-AEE3-0C8B48F18EDD}.Release|x86.Build.0 = Release|Any CPU
		{CD2B1C19-F9BC-42CF-B635-236223772644}.Debug|Any CPU.ActiveCfg = Debug|Any CPU
		{CD2B1C19-F9BC-42CF-B635-236223772644}.Debug|Any CPU.Build.0 = Debug|Any CPU
		{CD2B1C19-F9BC-42CF-B635-236223772644}.Debug|x64.ActiveCfg = Debug|Any CPU
		{CD2B1C19-F9BC-42CF-B635-236223772644}.Debug|x64.Build.0 = Debug|Any CPU
		{CD2B1C19-F9BC-42CF-B635-236223772644}.Debug|x86.ActiveCfg = Debug|Any CPU
		{CD2B1C19-F9BC-42CF-B635-236223772644}.Debug|x86.Build.0 = Debug|Any CPU
		{CD2B1C19-F9BC-42CF-B635-236223772644}.Release|Any CPU.ActiveCfg = Release|Any CPU
		{CD2B1C19-F9BC-42CF-B635-236223772644}.Release|Any CPU.Build.0 = Release|Any CPU
		{CD2B1C19-F9BC-42CF-B635-236223772644}.Release|x64.ActiveCfg = Release|Any CPU
		{CD2B1C19-F9BC-42CF-B635-236223772644}.Release|x64.Build.0 = Release|Any CPU
		{CD2B1C19-F9BC-42CF-B635-236223772644}.Release|x86.ActiveCfg = Release|Any CPU
		{CD2B1C19-F9BC-42CF-B635-236223772644}.Release|x86.Build.0 = Release|Any CPU
		{8013385C-FE2C-41D9-A944-07D8119EDF7B}.Debug|Any CPU.ActiveCfg = Debug|Any CPU
		{8013385C-FE2C-41D9-A944-07D8119EDF7B}.Debug|Any CPU.Build.0 = Debug|Any CPU
		{8013385C-FE2C-41D9-A944-07D8119EDF7B}.Debug|x64.ActiveCfg = Debug|Any CPU
		{8013385C-FE2C-41D9-A944-07D8119EDF7B}.Debug|x64.Build.0 = Debug|Any CPU
		{8013385C-FE2C-41D9-A944-07D8119EDF7B}.Debug|x86.ActiveCfg = Debug|Any CPU
		{8013385C-FE2C-41D9-A944-07D8119EDF7B}.Debug|x86.Build.0 = Debug|Any CPU
		{8013385C-FE2C-41D9-A944-07D8119EDF7B}.Release|Any CPU.ActiveCfg = Release|Any CPU
		{8013385C-FE2C-41D9-A944-07D8119EDF7B}.Release|Any CPU.Build.0 = Release|Any CPU
		{8013385C-FE2C-41D9-A944-07D8119EDF7B}.Release|x64.ActiveCfg = Release|Any CPU
		{8013385C-FE2C-41D9-A944-07D8119EDF7B}.Release|x64.Build.0 = Release|Any CPU
		{8013385C-FE2C-41D9-A944-07D8119EDF7B}.Release|x86.ActiveCfg = Release|Any CPU
		{8013385C-FE2C-41D9-A944-07D8119EDF7B}.Release|x86.Build.0 = Release|Any CPU
	EndGlobalSection
	GlobalSection(SolutionProperties) = preSolution
		HideSolutionNode = FALSE
	EndGlobalSection
EndGlobal
